
Microsoft Visual Studio Solution File, Format Version 12.00
# Visual Studio Version 17
VisualStudioVersion = 17.10.34928.147
MinimumVisualStudioVersion = 10.0.40219.1
Project("{FAE04EC0-301F-11D3-BF4B-00C04F79EFBC}") = "filetoSQL", "filetoSQL\filetoSQL.csproj", "{66DA1597-4294-4A66-9D07-E0AB03B64761}"
EndProject
Global
	GlobalSection(SolutionConfigurationPlatforms) = preSolution
		Debug|Any CPU = Debug|Any CPU
		Release|Any CPU = Release|Any CPU
	EndGlobalSection
	GlobalSection(ProjectConfigurationPlatforms) = postSolution
		{66DA1597-4294-4A66-9D07-E0AB03B64761}.Debug|Any CPU.ActiveCfg = Debug|Any CPU
		{66DA1597-4294-4A66-9D07-E0AB03B64761}.Debug|Any CPU.Build.0 = Debug|Any CPU
		{66DA1597-4294-4A66-9D07-E0AB03B64761}.Release|Any CPU.ActiveCfg = Release|Any CPU
		{66DA1597-4294-4A66-9D07-E0AB03B64761}.Release|Any CPU.Build.0 = Release|Any CPU
	EndGlobalSection
	GlobalSection(SolutionProperties) = preSolution
		HideSolutionNode = FALSE
	EndGlobalSection
	GlobalSection(ExtensibilityGlobals) = postSolution
		SolutionGuid = {988952AC-1C8E-449A-BEF5-578D45EA9C85}
	EndGlobalSection
EndGlobal
